
Microsoft Visual Studio Solution File, Format Version 12.00
# Visual Studio Version 17
VisualStudioVersion = 17.6.33815.320
MinimumVisualStudioVersion = 10.0.40219.1
Project("{FAE04EC0-301F-11D3-BF4B-00C04F79EFBC}") = "PedraPapelTesoura", "PedraPapelTesoura\PedraPapelTesoura.csproj", "{A11E6CB4-68AE-4247-B71C-64225066119B}"
EndProject
Global
	GlobalSection(SolutionConfigurationPlatforms) = preSolution
		Debug|Any CPU = Debug|Any CPU
		Release|Any CPU = Release|Any CPU
	EndGlobalSection
	GlobalSection(ProjectConfigurationPlatforms) = postSolution
		{A11E6CB4-68AE-4247-B71C-64225066119B}.Debug|Any CPU.ActiveCfg = Debug|Any CPU
		{A11E6CB4-68AE-4247-B71C-64225066119B}.Debug|Any CPU.Build.0 = Debug|Any CPU
		{A11E6CB4-68AE-4247-B71C-64225066119B}.Release|Any CPU.ActiveCfg = Release|Any CPU
		{A11E6CB4-68AE-4247-B71C-64225066119B}.Release|Any CPU.Build.0 = Release|Any CPU
	EndGlobalSection
	GlobalSection(SolutionProperties) = preSolution
		HideSolutionNode = FALSE
	EndGlobalSection
	GlobalSection(ExtensibilityGlobals) = postSolution
		SolutionGuid = {978BD138-8D9E-4CFA-A1FD-DE6F7A6FF16D}
	EndGlobalSection
EndGlobal
